{
  "nodes": {
    "nixpkgs": {
      "locked": {
        "lastModified": 1751274312,
        "narHash": "sha256-/bVBlRpECLVzjV19t5KMdMFWSwKLtb5RyXdjz3LJT+g=",
        "rev": "50ab793786d9de88ee30ec4e4c24fb4236fc2674",
        "revCount": 719113,
        "type": "tarball",
        "url": "https://api.flakehub.com/f/pinned/NixOS/nixpkgs/0.2411.719113%2Brev-50ab793786d9de88ee30ec4e4c24fb4236fc2674/0197c594-378b-73ff-8d7e-3b1d0b8d135f/source.tar.gz"
      },
      "original": {
        "type": "tarball",
        "url": "https://flakehub.com/f/NixOS/nixpkgs/0.2411.%2A.tar.gz"
      }
    },
    "root": {
      "inputs": {
        "nixpkgs": "nixpkgs",
        "rust-overlay": "rust-overlay"
      }
    },
    "rust-overlay": {
      "inputs": {
        "nixpkgs": [
          "nixpkgs"
        ]
      },
      "locked": {
        "lastModified": 1790495762,
        "narHash": "sha256-26FbceKgybcbwkIvs2yHsF5jHcWLEkITYg5g9WPSy64=",
        "rev": "edea2d6f98b1e5f64ce5ac21e19a96c603c20b8c",
        "revCount": 2317,
        "type": "tarball",
        "url": "https://api.flakehub.com/f/pinned/oxalica/rust-overlay/0.1.2317%2Brev-edea2d6f98b1e5f64ce5ac21e19a96c603c20b8c/01a0e1f7-f406-78e0-92bb-707f8b757a5a/source.tar.gz"
      },
      "original": {
        "type": "tarball",
        "url": "https://flakehub.com/f/oxalica/rust-overlay/0.1.%2A.tar.gz"
      }
    }
  },
  "root": "root",
  "version": 7
}
